
Microsoft Visual Studio Solution File, Format Version 12.00
# Visual Studio Version 17
VisualStudioVersion = 17.14.36127.28 d17.14
MinimumVisualStudioVersion = 10.0.40219.1
Project("{FAE04EC0-301F-11D3-BF4B-00C04F79EFBC}") = "COM OPEN", "COM OPEN\COM OPEN.csproj", "{A64478A5-8875-43A5-9D1F-244939751C7F}"
EndProject
Global
	GlobalSection(SolutionConfigurationPlatforms) = preSolution
		Debug|Any CPU = Debug|Any CPU
		Release|Any CPU = Release|Any CPU
	EndGlobalSection
	GlobalSection(ProjectConfigurationPlatforms) = postSolution
		{A64478A5-8875-43A5-9D1F-244939751C7F}.Debug|Any CPU.ActiveCfg = Debug|Any CPU
		{A64478A5-8875-43A5-9D1F-244939751C7F}.Debug|Any CPU.Build.0 = Debug|Any CPU
		{A64478A5-8875-43A5-9D1F-244939751C7F}.Release|Any CPU.ActiveCfg = Release|Any CPU
		{A64478A5-8875-43A5-9D1F-244939751C7F}.Release|Any CPU.Build.0 = Release|Any CPU
	EndGlobalSection
	GlobalSection(SolutionProperties) = preSolution
		HideSolutionNode = FALSE
	EndGlobalSection
	GlobalSection(ExtensibilityGlobals) = postSolution
		SolutionGuid = {42E3A018-BBF3-4FCD-88FC-4D5244441443}
	EndGlobalSection
EndGlobal
